
Microsoft Visual Studio Solution File, Format Version 12.00
# Visual Studio 15
VisualStudioVersion = 15.0.27428.2027
MinimumVisualStudioVersion = 10.0.40219.1
Project("{FAE04EC0-301F-11D3-BF4B-00C04F79EFBC}") = "MVCTestApp", "MVCTestApp\MVCTestApp.csproj", "{64BE4FA6-8FA0-44FE-8AAA-9E7AD4CF8EE6}"
EndProject
Project("{FAE04EC0-301F-11D3-BF4B-00C04F79EFBC}") = "MVCTestApp.Tests", "MVCTestApp.Tests\MVCTestApp.Tests.csproj", "{A1EF727D-1D52-4055-A9C2-928F366DBB21}"
EndProject
Global
	GlobalSection(SolutionConfigurationPlatforms) = preSolution
		Debug|Any CPU = Debug|Any CPU
		Release|Any CPU = Release|Any CPU
	EndGlobalSection
	GlobalSection(ProjectConfigurationPlatforms) = postSolution
		{64BE4FA6-8FA0-44FE-8AAA-9E7AD4CF8EE6}.Debug|Any CPU.ActiveCfg = Debug|Any CPU
		{64BE4FA6-8FA0-44FE-8AAA-9E7AD4CF8EE6}.Debug|Any CPU.Build.0 = Debug|Any CPU
		{64BE4FA6-8FA0-44FE-8AAA-9E7AD4CF8EE6}.Release|Any CPU.ActiveCfg = Release|Any CPU
		{64BE4FA6-8FA0-44FE-8AAA-9E7AD4CF8EE6}.Release|Any CPU.Build.0 = Release|Any CPU
		{A1EF727D-1D52-4055-A9C2-928F366DBB21}.Debug|Any CPU.ActiveCfg = Debug|Any CPU
		{A1EF727D-1D52-4055-A9C2-928F366DBB21}.Debug|Any CPU.Build.0 = Debug|Any CPU
		{A1EF727D-1D52-4055-A9C2-928F366DBB21}.Release|Any CPU.ActiveCfg = Release|Any CPU
		{A1EF727D-1D52-4055-A9C2-928F366DBB21}.Release|Any CPU.Build.0 = Release|Any CPU
	EndGlobalSection
	GlobalSection(SolutionProperties) = preSolution
		HideSolutionNode = FALSE
	EndGlobalSection
	GlobalSection(ExtensibilityGlobals) = postSolution
		SolutionGuid = {8F9E9017-4556-4045-B7EA-9EF43DC95250}
	EndGlobalSection
EndGlobal
